// !$*UTF8*$!
{
	archiveVersion = 1;
	classes = {
	};
	objectVersion = 50;
	objects = {

/* Begin PBXBuildFile section */
		C36F584D25265D52002EC205 /* AppDelegate.m in Sources */ = {isa = PBXBuildFile; fileRef = C36F584C25265D52002EC205 /* AppDelegate.m */; };
		C36F585025265D52002EC205 /* SceneDelegate.m in Sources */ = {isa = PBXBuildFile; fileRef = C36F584F25265D52002EC205 /* SceneDelegate.m */; };
		C36F585625265D52002EC205 /* Main.storyboard in Resources */ = {isa = PBXBuildFile; fileRef = C36F585425265D52002EC205 /* Main.storyboard */; };
		C36F585825265D54002EC205 /* Assets.xcassets in Resources */ = {isa = PBXBuildFile; fileRef = C36F585725265D54002EC205 /* Assets.xcassets */; };
		C36F585B25265D54002EC205 /* LaunchScreen.storyboard in Resources */ = {isa = PBXBuildFile; fileRef = C36F585925265D54002EC205 /* LaunchScreen.storyboard */; };
		C36F585E25265D54002EC205 /* main.m in Sources */ = {isa = PBXBuildFile; fileRef = C36F585D25265D54002EC205 /* main.m */; };
		C36F5873252664AF002EC205 /* DLDPlanet.m in Sources */ = {isa = PBXBuildFile; fileRef = C36F5872252664AF002EC205 /* DLDPlanet.m */; };
/* End PBXBuildFile section */

/* Begin PBXFileReference section */
		C36F584825265D52002EC205 /* OBJCSwapiAPI.app */ = {isa = PBXFileReference; explicitFileType = wrapper.application; includeInIndex = 0; path = OBJCSwapiAPI.app; sourceTree = BUILT_PRODUCTS_DIR; };
		C36F584B25265D52002EC205 /* AppDelegate.h */ = {isa = PBXFileReference; lastKnownFileType = sourcecode.c.h; path = AppDelegate.h; sourceTree = "<group>"; };
		C36F584C25265D52002EC205 /* AppDelegate.m */ = {isa = PBXFileReference; lastKnownFileType = sourcecode.c.objc; path = AppDelegate.m; sourceTree = "<group>"; };
		C36F584E25265D52002EC205 /* SceneDelegate.h */ = {isa = PBXFileReference; lastKnownFileType = sourcecode.c.h; path = SceneDelegate.h; sourceTree = "<group>"; };
		C36F584F25265D52002EC205 /* SceneDelegate.m */ = {isa = PBXFileReference; lastKnownFileType = sourcecode.c.objc; path = SceneDelegate.m; sourceTree = "<group>"; };
		C36F585525265D52002EC205 /* Base */ = {isa = PBXFileReference; lastKnownFileType = file.storyboard; name = Base; path = Base.lproj/Main.storyboard; sourceTree = "<group>"; };
		C36F585725265D54002EC205 /* Assets.xcassets */ = {isa = PBXFileReference; lastKnownFileType = folder.assetcatalog; path = Assets.xcassets; sourceTree = "<group>"; };
		C36F585A25265D54002EC205 /* Base */ = {isa = PBXFileReference; lastKnownFileType = file.storyboard; name = Base; path = Base.lproj/LaunchScreen.storyboard; sourceTree = "<group>"; };
		C36F585C25265D54002EC205 /* Info.plist */ = {isa = PBXFileReference; lastKnownFileType = text.plist.xml; path = Info.plist; sourceTree = "<group>"; };
		C36F585D25265D54002EC205 /* main.m */ = {isa = PBXFileReference; lastKnownFileType = sourcecode.c.objc; path = main.m; sourceTree = "<group>"; };
		C36F5871252664AF002EC205 /* DLDPlanet.h */ = {isa = PBXFileReference; lastKnownFileType = sourcecode.c.h; path = DLDPlanet.h; sourceTree = "<group>"; };
		C36F5872252664AF002EC205 /* DLDPlanet.m */ = {isa = PBXFileReference; lastKnownFileType = sourcecode.c.objc; path = DLDPlanet.m; sourceTree = "<group>"; };
/* End PBXFileReference section */

/* Begin PBXFrameworksBuildPhase section */
		C36F584525265D52002EC205 /* Frameworks */ = {
			isa = PBXFrameworksBuildPhase;
			buildActionMask = 2147483647;
			files = (
			);
			runOnlyForDeploymentPostprocessing = 0;
		};
/* End PBXFrameworksBuildPhase section */

/* Begin PBXGroup section */
		C36F583F25265D52002EC205 = {
			isa = PBXGroup;
			children = (
				C36F584A25265D52002EC205 /* OBJCSwapiAPI */,
				C36F584925265D52002EC205 /* Products */,
			);
			sourceTree = "<group>";
		};
		C36F584925265D52002EC205 /* Products */ = {
			isa = PBXGroup;
			children = (
				C36F584825265D52002EC205 /* OBJCSwapiAPI.app */,
			);
			name = Products;
			sourceTree = "<group>";
		};
		C36F584A25265D52002EC205 /* OBJCSwapiAPI */ = {
			isa = PBXGroup;
			children = (
				C36F587025266006002EC205 /* Model */,
				C36F586B25265FAE002EC205 /* Controllers */,
				C36F586A25265F70002EC205 /* Views */,
				C36F586725265F48002EC205 /* Resources */,
			);
			path = OBJCSwapiAPI;
			sourceTree = "<group>";
		};
		C36F586725265F48002EC205 /* Resources */ = {
			isa = PBXGroup;
			children = (
				C36F584B25265D52002EC205 /* AppDelegate.h */,
				C36F584C25265D52002EC205 /* AppDelegate.m */,
				C36F584E25265D52002EC205 /* SceneDelegate.h */,
				C36F584F25265D52002EC205 /* SceneDelegate.m */,
				C36F585725265D54002EC205 /* Assets.xcassets */,
				C36F585925265D54002EC205 /* LaunchScreen.storyboard */,
				C36F585C25265D54002EC205 /* Info.plist */,
				C36F585D25265D54002EC205 /* main.m */,
			);
			path = Resources;
			sourceTree = "<group>";
		};
		C36F586A25265F70002EC205 /* Views */ = {
			isa = PBXGroup;
			children = (
				C36F586D25265FD7002EC205 /* CustomViews */,
				C36F586C25265FCC002EC205 /* Storyboard */,
			);
			path = Views;
			sourceTree = "<group>";
		};
		C36F586B25265FAE002EC205 /* Controllers */ = {
			isa = PBXGroup;
			children = (
				C36F586F25265FF3002EC205 /* ModelControllers */,
				C36F586E25265FEC002EC205 /* ViewControllers */,
			);
			path = Controllers;
			sourceTree = "<group>";
		};
		C36F586C25265FCC002EC205 /* Storyboard */ = {
			isa = PBXGroup;
			children = (
				C36F585425265D52002EC205 /* Main.storyboard */,
			);
			path = Storyboard;
			sourceTree = "<group>";
		};
		C36F586D25265FD7002EC205 /* CustomViews */ = {
			isa = PBXGroup;
			children = (
			);
			path = CustomViews;
			sourceTree = "<group>";
		};
		C36F586E25265FEC002EC205 /* ViewControllers */ = {
			isa = PBXGroup;
			children = (
			);
			path = ViewControllers;
			sourceTree = "<group>";
		};
		C36F586F25265FF3002EC205 /* ModelControllers */ = {
			isa = PBXGroup;
			children = (
			);
			path = ModelControllers;
			sourceTree = "<group>";
		};
		C36F587025266006002EC205 /* Model */ = {
			isa = PBXGroup;
			children = (
				C36F5871252664AF002EC205 /* DLDPlanet.h */,
				C36F5872252664AF002EC205 /* DLDPlanet.m */,
			);
			path = Model;
			sourceTree = "<group>";
		};
/* End PBXGroup section */

/* Begin PBXNativeTarget section */
		C36F584725265D52002EC205 /* OBJCSwapiAPI */ = {
			isa = PBXNativeTarget;
			buildConfigurationList = C36F586125265D54002EC205 /* Build configuration list for PBXNativeTarget "OBJCSwapiAPI" */;
			buildPhases = (
				C36F584425265D52002EC205 /* Sources */,
				C36F584525265D52002EC205 /* Frameworks */,
				C36F584625265D52002EC205 /* Resources */,
			);
			buildRules = (
			);
			dependencies = (
			);
			name = OBJCSwapiAPI;
			productName = OBJCSwapiAPI;
			productReference = C36F584825265D52002EC205 /* OBJCSwapiAPI.app */;
			productType = "com.apple.product-type.application";
		};
/* End PBXNativeTarget section */

/* Begin PBXProject section */
		C36F584025265D52002EC205 /* Project object */ = {
			isa = PBXProject;
			attributes = {
				CLASSPREFIX = DLD;
				LastUpgradeCheck = 1200;
				TargetAttributes = {
					C36F584725265D52002EC205 = {
						CreatedOnToolsVersion = 12.0.1;
					};
				};
			};
			buildConfigurationList = C36F584325265D52002EC205 /* Build configuration list for PBXProject "OBJCSwapiAPI" */;
			compatibilityVersion = "Xcode 9.3";
			developmentRegion = en;
			hasScannedForEncodings = 0;
			knownRegions = (
				en,
				Base,
			);
			mainGroup = C36F583F25265D52002EC205;
			productRefGroup = C36F584925265D52002EC205 /* Products */;
			projectDirPath = "";
			projectRoot = "";
			targets = (
				C36F584725265D52002EC205 /* OBJCSwapiAPI */,
			);
		};
/* End PBXProject section */

/* Begin PBXResourcesBuildPhase section */
		C36F584625265D52002EC205 /* Resources */ = {
			isa = PBXResourcesBuildPhase;
			buildActionMask = 2147483647;
			files = (
				C36F585B25265D54002EC205 /* LaunchScreen.storyboard in Resources */,
				C36F585825265D54002EC205 /* Assets.xcassets in Resources */,
				C36F585625265D52002EC205 /* Main.storyboard in Resources */,
			);
			runOnlyForDeploymentPostprocessing = 0;
		};
/* End PBXResourcesBuildPhase section */

/* Begin PBXSourcesBuildPhase section */
		C36F584425265D52002EC205 /* Sources */ = {
			isa = PBXSourcesBuildPhase;
			buildActionMask = 2147483647;
			files = (
				C36F584D25265D52002EC205 /* AppDelegate.m in Sources */,
				C36F585E25265D54002EC205 /* main.m in Sources */,
				C36F5873252664AF002EC205 /* DLDPlanet.m in Sources */,
				C36F585025265D52002EC205 /* SceneDelegate.m in Sources */,
			);
			runOnlyForDeploymentPostprocessing = 0;
		};
/* End PBXSourcesBuildPhase section */

/* Begin PBXVariantGroup section */
		C36F585425265D52002EC205 /* Main.storyboard */ = {
			isa = PBXVariantGroup;
			children = (
				C36F585525265D52002EC205 /* Base */,
			);
			name = Main.storyboard;
			sourceTree = "<group>";
		};
		C36F585925265D54002EC205 /* LaunchScreen.storyboard */ = {
			isa = PBXVariantGroup;
			children = (
				C36F585A25265D54002EC205 /* Base */,
			);
			name = LaunchScreen.storyboard;
			sourceTree = "<group>";
		};
/* End PBXVariantGroup section */

/* Begin XCBuildConfiguration section */
		C36F585F25265D54002EC205 /* Debug */ = {
			isa = XCBuildConfiguration;
			buildSettings = {
				ALWAYS_SEARCH_USER_PATHS = NO;
				CLANG_ANALYZER_NONNULL = YES;
				CLANG_ANALYZER_NUMBER_OBJECT_CONVERSION = YES_AGGRESSIVE;
				CLANG_CXX_LANGUAGE_STANDARD = "gnu++14";
				CLANG_CXX_LIBRARY = "libc++";
				CLANG_ENABLE_MODULES = YES;
				CLANG_ENABLE_OBJC_ARC = YES;
				CLANG_ENABLE_OBJC_WEAK = YES;
				CLANG_WARN_BLOCK_CAPTURE_AUTORELEASING = YES;
				CLANG_WARN_BOOL_CONVERSION = YES;
				CLANG_WARN_COMMA = YES;
				CLANG_WARN_CONSTANT_CONVERSION = YES;
				CLANG_WARN_DEPRECATED_OBJC_IMPLEMENTATIONS = YES;
				CLANG_WARN_DIRECT_OBJC_ISA_USAGE = YES_ERROR;
				CLANG_WARN_DOCUMENTATION_COMMENTS = YES;
				CLANG_WARN_EMPTY_BODY = YES;
				CLANG_WARN_ENUM_CONVERSION = YES;
				CLANG_WARN_INFINITE_RECURSION = YES;
				CLANG_WARN_INT_CONVERSION = YES;
				CLANG_WARN_NON_LITERAL_NULL_CONVERSION = YES;
				CLANG_WARN_OBJC_IMPLICIT_RETAIN_SELF = YES;
				CLANG_WARN_OBJC_LITERAL_CONVERSION = YES;
				CLANG_WARN_OBJC_ROOT_CLASS = YES_ERROR;
				CLANG_WARN_QUOTED_INCLUDE_IN_FRAMEWORK_HEADER = YES;
				CLANG_WARN_RANGE_LOOP_ANALYSIS = YES;
				CLANG_WARN_STRICT_PROTOTYPES = YES;
				CLANG_WARN_SUSPICIOUS_MOVE = YES;
				CLANG_WARN_UNGUARDED_AVAILABILITY = YES_AGGRESSIVE;
				CLANG_WARN_UNREACHABLE_CODE = YES;
				CLANG_WARN__DUPLICATE_METHOD_MATCH = YES;
				COPY_PHASE_STRIP = NO;
				DEBUG_INFORMATION_FORMAT = dwarf;
				ENABLE_STRICT_OBJC_MSGSEND = YES;
				ENABLE_TESTABILITY = YES;
				GCC_C_LANGUAGE_STANDARD = gnu11;
				GCC_DYNAMIC_NO_PIC = NO;
				GCC_NO_COMMON_BLOCKS = YES;
				GCC_OPTIMIZATION_LEVEL = 0;
				GCC_PREPROCESSOR_DEFINITIONS = (
					"DEBUG=1",
					"$(inherited)",
				);
				GCC_WARN_64_TO_32_BIT_CONVERSION = YES;
				GCC_WARN_ABOUT_RETURN_TYPE = YES_ERROR;
				GCC_WARN_UNDECLARED_SELECTOR = YES;
				GCC_WARN_UNINITIALIZED_AUTOS = YES_AGGRESSIVE;
				GCC_WARN_UNUSED_FUNCTION = YES;
				GCC_WARN_UNUSED_VARIABLE = YES;
				IPHONEOS_DEPLOYMENT_TARGET = 14.0;
				MTL_ENABLE_DEBUG_INFO = INCLUDE_SOURCE;
				MTL_FAST_MATH = YES;
				ONLY_ACTIVE_ARCH = YES;
				SDKROOT = iphoneos;
			};
			name = Debug;
		};
		C36F586025265D54002EC205 /* Release */ = {
			isa = XCBuildConfiguration;
			buildSettings = {
				ALWAYS_SEARCH_USER_PATHS = NO;
				CLANG_ANALYZER_NONNULL = YES;
				CLANG_ANALYZER_NUMBER_OBJECT_CONVERSION = YES_AGGRESSIVE;
				CLANG_CXX_LANGUAGE_STANDARD = "gnu++14";
				CLANG_CXX_LIBRARY = "libc++";
				CLANG_ENABLE_MODULES = YES;
				CLANG_ENABLE_OBJC_ARC = YES;
				CLANG_ENABLE_OBJC_WEAK = YES;
				CLANG_WARN_BLOCK_CAPTURE_AUTORELEASING = YES;
				CLANG_WARN_BOOL_CONVERSION = YES;
				CLANG_WARN_COMMA = YES;
				CLANG_WARN_CONSTANT_CONVERSION = YES;
				CLANG_WARN_DEPRECATED_OBJC_IMPLEMENTATIONS = YES;
				CLANG_WARN_DIRECT_OBJC_ISA_USAGE = YES_ERROR;
				CLANG_WARN_DOCUMENTATION_COMMENTS = YES;
				CLANG_WARN_EMPTY_BODY = YES;
				CLANG_WARN_ENUM_CONVERSION = YES;
				CLANG_WARN_INFINITE_RECURSION = YES;
				CLANG_WARN_INT_CONVERSION = YES;
				CLANG_WARN_NON_LITERAL_NULL_CONVERSION = YES;
				CLANG_WARN_OBJC_IMPLICIT_RETAIN_SELF = YES;
				CLANG_WARN_OBJC_LITERAL_CONVERSION = YES;
				CLANG_WARN_OBJC_ROOT_CLASS = YES_ERROR;
				CLANG_WARN_QUOTED_INCLUDE_IN_FRAMEWORK_HEADER = YES;
				CLANG_WARN_RANGE_LOOP_ANALYSIS = YES;
				CLANG_WARN_STRICT_PROTOTYPES = YES;
				CLANG_WARN_SUSPICIOUS_MOVE = YES;
				CLANG_WARN_UNGUARDED_AVAILABILITY = YES_AGGRESSIVE;
				CLANG_WARN_UNREACHABLE_CODE = YES;
				CLANG_WARN__DUPLICATE_METHOD_MATCH = YES;
				COPY_PHASE_STRIP = NO;
				DEBUG_INFORMATION_FORMAT = "dwarf-with-dsym";
				ENABLE_NS_ASSERTIONS = NO;
				ENABLE_STRICT_OBJC_MSGSEND = YES;
				GCC_C_LANGUAGE_STANDARD = gnu11;
				GCC_NO_COMMON_BLOCKS = YES;
				GCC_WARN_64_TO_32_BIT_CONVERSION = YES;
				GCC_WARN_ABOUT_RETURN_TYPE = YES_ERROR;
				GCC_WARN_UNDECLARED_SELECTOR = YES;
				GCC_WARN_UNINITIALIZED_AUTOS = YES_AGGRESSIVE;
				GCC_WARN_UNUSED_FUNCTION = YES;
				GCC_WARN_UNUSED_VARIABLE = YES;
				IPHONEOS_DEPLOYMENT_TARGET = 14.0;
				MTL_ENABLE_DEBUG_INFO = NO;
				MTL_FAST_MATH = YES;
				SDKROOT = iphoneos;
				VALIDATE_PRODUCT = YES;
			};
			name = Release;
		};
		C36F586225265D54002EC205 /* Debug */ = {
			isa = XCBuildConfiguration;
			buildSettings = {
				ASSETCATALOG_COMPILER_APPICON_NAME = AppIcon;
				ASSETCATALOG_COMPILER_GLOBAL_ACCENT_COLOR_NAME = AccentColor;
				CODE_SIGN_STYLE = Automatic;
				INFOPLIST_FILE = OBJCSwapiAPI/Resources/Info.plist;
				LD_RUNPATH_SEARCH_PATHS = (
					"$(inherited)",
					"@executable_path/Frameworks",
				);
				PRODUCT_BUNDLE_IDENTIFIER = com.DevenDay.OBJCSwapiAPI;
				PRODUCT_NAME = "$(TARGET_NAME)";
				TARGETED_DEVICE_FAMILY = "1,2";
			};
			name = Debug;
		};
		C36F586325265D54002EC205 /* Release */ = {
			isa = XCBuildConfiguration;
			buildSettings = {
				ASSETCATALOG_COMPILER_APPICON_NAME = AppIcon;
				ASSETCATALOG_COMPILER_GLOBAL_ACCENT_COLOR_NAME = AccentColor;
				CODE_SIGN_STYLE = Automatic;
				INFOPLIST_FILE = OBJCSwapiAPI/Resources/Info.plist;
				LD_RUNPATH_SEARCH_PATHS = (
					"$(inherited)",
					"@executable_path/Frameworks",
				);
				PRODUCT_BUNDLE_IDENTIFIER = com.DevenDay.OBJCSwapiAPI;
				PRODUCT_NAME = "$(TARGET_NAME)";
				TARGETED_DEVICE_FAMILY = "1,2";
			};
			name = Release;
		};
/* End XCBuildConfiguration section */

/* Begin XCConfigurationList section */
		C36F584325265D52002EC205 /* Build configuration list for PBXProject "OBJCSwapiAPI" */ = {
			isa = XCConfigurationList;
			buildConfigurations = (
				C36F585F25265D54002EC205 /* Debug */,
				C36F586025265D54002EC205 /* Release */,
			);
			defaultConfigurationIsVisible = 0;
			defaultConfigurationName = Release;
		};
		C36F586125265D54002EC205 /* Build configuration list for PBXNativeTarget "OBJCSwapiAPI" */ = {
			isa = XCConfigurationList;
			buildConfigurations = (
				C36F586225265D54002EC205 /* Debug */,
				C36F586325265D54002EC205 /* Release */,
			);
			defaultConfigurationIsVisible = 0;
			defaultConfigurationName = Release;
		};
/* End XCConfigurationList section */
	};
	rootObject = C36F584025265D52002EC205 /* Project object */;
}
